
Microsoft Visual Studio Solution File, Format Version 12.00
# Visual Studio Version 17
VisualStudioVersion = 17.11.35208.52
MinimumVisualStudioVersion = 15.0.26124.0
Project("{9A19103F-16F7-4668-BE54-9A1E7A4F7556}") = "SFML.Audio", "src\SFML.Audio\SFML.Audio.csproj", "{A1E4E9AA-7468-4FCF-8091-A9A96E818E50}"
EndProject
Project("{9A19103F-16F7-4668-BE54-9A1E7A4F7556}") = "SFML.Graphics", "src\SFML.Graphics\SFML.Graphics.csproj", "{0C118BA2-904B-4AB1-ADC6-5C22DEFCEFA9}"
EndProject
Project("{9A19103F-16F7-4668-BE54-9A1E7A4F7556}") = "SFML.Net", "src\SFML.Net\SFML.Net.csproj", "{E5467355-AB84-41E9-A80D-3044A45904B0}"
EndProject
Project("{9A19103F-16F7-4668-BE54-9A1E7A4F7556}") = "SFML.System", "src\SFML.System\SFML.System.csproj", "{FCD90AB3-EAF7-429A-876A-4DB80D6CC6D8}"
EndProject
Project("{9A19103F-16F7-4668-BE54-9A1E7A4F7556}") = "SFML.Window", "src\SFML.Window\SFML.Window.csproj", "{88DD6B5D-3013-4737-A77C-EC2563FCED38}"
EndProject
Project("{2150E333-8FDC-42A3-9474-1A3956D46DE8}") = "Solution Items", "Solution Items", "{4BBA7B74-E003-4D9B-826A-43BD6BA48111}"
	ProjectSection(SolutionItems) = preProject
		.editorconfig = .editorconfig
	EndProjectSection
EndProject
Project("{2150E333-8FDC-42A3-9474-1A3956D46DE8}") = "Tests", "Tests", "{0A84335E-59C1-4969-9F5F-4D42DC7F2BFC}"
EndProject
Project("{FAE04EC0-301F-11D3-BF4B-00C04F79EFBC}") = "SFML.System.Test", "test\SFML.System.Test\SFML.System.Test.csproj", "{90D86010-580C-4D2A-8AD1-C18CD982C5A0}"
EndProject
Global
	GlobalSection(SolutionConfigurationPlatforms) = preSolution
		Debug|Any CPU = Debug|Any CPU
		Debug|x64 = Debug|x64
		Debug|x86 = Debug|x86
		Release|Any CPU = Release|Any CPU
		Release|x64 = Release|x64
		Release|x86 = Release|x86
	EndGlobalSection
	GlobalSection(ProjectConfigurationPlatforms) = postSolution
		{A1E4E9AA-7468-4FCF-8091-A9A96E818E50}.Debug|Any CPU.ActiveCfg = Debug|Any CPU
		{A1E4E9AA-7468-4FCF-8091-A9A96E818E50}.Debug|Any CPU.Build.0 = Debug|Any CPU
		{A1E4E9AA-7468-4FCF-8091-A9A96E818E50}.Debug|x64.ActiveCfg = Debug|x64
		{A1E4E9AA-7468-4FCF-8091-A9A96E818E50}.Debug|x64.Build.0 = Debug|x64
		{A1E4E9AA-7468-4FCF-8091-A9A96E818E50}.Debug|x86.ActiveCfg = Debug|x86
		{A1E4E9AA-7468-4FCF-8091-A9A96E818E50}.Debug|x86.Build.0 = Debug|x86
		{A1E4E9AA-7468-4FCF-8091-A9A96E818E50}.Release|Any CPU.ActiveCfg = Release|Any CPU
		{A1E4E9AA-7468-4FCF-8091-A9A96E818E50}.Release|Any CPU.Build.0 = Release|Any CPU
		{A1E4E9AA-7468-4FCF-8091-A9A96E818E50}.Release|x64.ActiveCfg = Release|x64
		{A1E4E9AA-7468-4FCF-8091-A9A96E818E50}.Release|x64.Build.0 = Release|x64
		{A1E4E9AA-7468-4FCF-8091-A9A96E818E50}.Release|x86.ActiveCfg = Release|x86
		{A1E4E9AA-7468-4FCF-8091-A9A96E818E50}.Release|x86.Build.0 = Release|x86
		{0C118BA2-904B-4AB1-ADC6-5C22DEFCEFA9}.Debug|Any CPU.ActiveCfg = Debug|Any CPU
		{0C118BA2-904B-4AB1-ADC6-5C22DEFCEFA9}.Debug|Any CPU.Build.0 = Debug|Any CPU
		{0C118BA2-904B-4AB1-ADC6-5C22DEFCEFA9}.Debug|x64.ActiveCfg = Debug|x64
		{0C118BA2-904B-4AB1-ADC6-5C22DEFCEFA9}.Debug|x64.Build.0 = Debug|x64
		{0C118BA2-904B-4AB1-ADC6-5C22DEFCEFA9}.Debug|x86.ActiveCfg = Debug|x86
		{0C118BA2-904B-4AB1-ADC6-5C22DEFCEFA9}.Debug|x86.Build.0 = Debug|x86
		{0C118BA2-904B-4AB1-ADC6-5C22DEFCEFA9}.Release|Any CPU.ActiveCfg = Release|Any CPU
		{0C118BA2-904B-4AB1-ADC6-5C22DEFCEFA9}.Release|Any CPU.Build.0 = Release|Any CPU
		{0C118BA2-904B-4AB1-ADC6-5C22DEFCEFA9}.Release|x64.ActiveCfg = Release|x64
		{0C118BA2-904B-4AB1-ADC6-5C22DEFCEFA9}.Release|x64.Build.0 = Release|x64
		{0C118BA2-904B-4AB1-ADC6-5C22DEFCEFA9}.Release|x86.ActiveCfg = Release|x86
		{0C118BA2-904B-4AB1-ADC6-5C22DEFCEFA9}.Release|x86.Build.0 = Release|x86
		{E5467355-AB84-41E9-A80D-3044A45904B0}.Debug|Any CPU.ActiveCfg = Debug|Any CPU
		{E5467355-AB84-41E9-A80D-3044A45904B0}.Debug|Any CPU.Build.0 = Debug|Any CPU
		{E5467355-AB84-41E9-A80D-3044A45904B0}.Debug|x64.ActiveCfg = Debug|x64
		{E5467355-AB84-41E9-A80D-3044A45904B0}.Debug|x64.Build.0 = Debug|x64
		{E5467355-AB84-41E9-A80D-3044A45904B0}.Debug|x86.ActiveCfg = Debug|x86
		{E5467355-AB84-41E9-A80D-3044A45904B0}.Debug|x86.Build.0 = Debug|x86
		{E5467355-AB84-41E9-A80D-3044A45904B0}.Release|Any CPU.ActiveCfg = Release|Any CPU
		{E5467355-AB84-41E9-A80D-3044A45904B0}.Release|Any CPU.Build.0 = Release|Any CPU
		{E5467355-AB84-41E9-A80D-3044A45904B0}.Release|x64.ActiveCfg = Release|x64
		{E5467355-AB84-41E9-A80D-3044A45904B0}.Release|x64.Build.0 = Release|x64
		{E5467355-AB84-41E9-A80D-3044A45904B0}.Release|x86.ActiveCfg = Release|x86
		{E5467355-AB84-41E9-A80D-3044A45904B0}.Release|x86.Build.0 = Release|x86
		{FCD90AB3-EAF7-429A-876A-4DB80D6CC6D8}.Debug|Any CPU.ActiveCfg = Debug|Any CPU
		{FCD90AB3-EAF7-429A-876A-4DB80D6CC6D8}.Debug|Any CPU.Build.0 = Debug|Any CPU
		{FCD90AB3-EAF7-429A-876A-4DB80D6CC6D8}.Debug|x64.ActiveCfg = Debug|x64
		{FCD90AB3-EAF7-429A-876A-4DB80D6CC6D8}.Debug|x64.Build.0 = Debug|x64
		{FCD90AB3-EAF7-429A-876A-4DB80D6CC6D8}.Debug|x86.ActiveCfg = Debug|x86
		{FCD90AB3-EAF7-429A-876A-4DB80D6CC6D8}.Debug|x86.Build.0 = Debug|x86
		{FCD90AB3-EAF7-429A-876A-4DB80D6CC6D8}.Release|Any CPU.ActiveCfg = Release|Any CPU
		{FCD90AB3-EAF7-429A-876A-4DB80D6CC6D8}.Release|Any CPU.Build.0 = Release|Any CPU
		{FCD90AB3-EAF7-429A-876A-4DB80D6CC6D8}.Release|x64.ActiveCfg = Release|x64
		{FCD90AB3-EAF7-429A-876A-4DB80D6CC6D8}.Release|x64.Build.0 = Release|x64
		{FCD90AB3-EAF7-429A-876A-4DB80D6CC6D8}.Release|x86.ActiveCfg = Release|x86
		{FCD90AB3-EAF7-429A-876A-4DB80D6CC6D8}.Release|x86.Build.0 = Release|x86
		{88DD6B5D-3013-4737-A77C-EC2563FCED38}.Debug|Any CPU.ActiveCfg = Debug|Any CPU
		{88DD6B5D-3013-4737-A77C-EC2563FCED38}.Debug|Any CPU.Build.0 = Debug|Any CPU
		{88DD6B5D-3013-4737-A77C-EC2563FCED38}.Debug|x64.ActiveCfg = Debug|x64
		{88DD6B5D-3013-4737-A77C-EC2563FCED38}.Debug|x64.Build.0 = Debug|x64
		{88DD6B5D-3013-4737-A77C-EC2563FCED38}.Debug|x86.ActiveCfg = Debug|x86
		{88DD6B5D-3013-4737-A77C-EC2563FCED38}.Debug|x86.Build.0 = Debug|x86
		{88DD6B5D-3013-4737-A77C-EC2563FCED38}.Release|Any CPU.ActiveCfg = Release|Any CPU
		{88DD6B5D-3013-4737-A77C-EC2563FCED38}.Release|Any CPU.Build.0 = Release|Any CPU
		{88DD6B5D-3013-4737-A77C-EC2563FCED38}.Release|x64.ActiveCfg = Release|x64
		{88DD6B5D-3013-4737-A77C-EC2563FCED38}.Release|x64.Build.0 = Release|x64
		{88DD6B5D-3013-4737-A77C-EC2563FCED38}.Release|x86.ActiveCfg = Release|x86
		{88DD6B5D-3013-4737-A77C-EC2563FCED38}.Release|x86.Build.0 = Release|x86
		{90D86010-580C-4D2A-8AD1-C18CD982C5A0}.Debug|Any CPU.ActiveCfg = Debug|Any CPU
		{90D86010-580C-4D2A-8AD1-C18CD982C5A0}.Debug|Any CPU.Build.0 = Debug|Any CPU
		{90D86010-580C-4D2A-8AD1-C18CD982C5A0}.Debug|x64.ActiveCfg = Debug|x64
		{90D86010-580C-4D2A-8AD1-C18CD982C5A0}.Debug|x64.Build.0 = Debug|x64
		{90D86010-580C-4D2A-8AD1-C18CD982C5A0}.Debug|x86.ActiveCfg = Debug|x86
		{90D86010-580C-4D2A-8AD1-C18CD982C5A0}.Debug|x86.Build.0 = Debug|x86
		{90D86010-580C-4D2A-8AD1-C18CD982C5A0}.Release|Any CPU.ActiveCfg = Release|Any CPU
		{90D86010-580C-4D2A-8AD1-C18CD982C5A0}.Release|Any CPU.Build.0 = Release|Any CPU
		{90D86010-580C-4D2A-8AD1-C18CD982C5A0}.Release|x64.ActiveCfg = Release|x64
		{90D86010-580C-4D2A-8AD1-C18CD982C5A0}.Release|x64.Build.0 = Release|x64
		{90D86010-580C-4D2A-8AD1-C18CD982C5A0}.Release|x86.ActiveCfg = Release|x86
		{90D86010-580C-4D2A-8AD1-C18CD982C5A0}.Release|x86.Build.0 = Release|x86
	EndGlobalSection
	GlobalSection(SolutionProperties) = preSolution
		HideSolutionNode = FALSE
	EndGlobalSection
	GlobalSection(NestedProjects) = preSolution
		{90D86010-580C-4D2A-8AD1-C18CD982C5A0} = {0A84335E-59C1-4969-9F5F-4D42DC7F2BFC}
	EndGlobalSection
	GlobalSection(ExtensibilityGlobals) = postSolution
		SolutionGuid = {384AFDD8-7EEF-462A-B496-B5F71D0EEF1D}
	EndGlobalSection
EndGlobal
