
Microsoft Visual Studio Solution File, Format Version 12.00
# Visual Studio 15
VisualStudioVersion = 15.0.26124.0
MinimumVisualStudioVersion = 15.0.26124.0
Project("{9A19103F-16F7-4668-BE54-9A1E7A4F7556}") = "opengl", "opengl\opengl.csproj", "{2FC1071D-4470-4704-B28E-29FF4DD432A0}"
EndProject
Project("{9A19103F-16F7-4668-BE54-9A1E7A4F7556}") = "shader", "shader\shader.csproj", "{EBF44846-C2C9-4595-881F-FD3489C0828F}"
EndProject
Project("{9A19103F-16F7-4668-BE54-9A1E7A4F7556}") = "sound", "sound\sound.csproj", "{16B5B101-D5CC-449D-B6C5-E93048B01108}"
EndProject
Project("{9A19103F-16F7-4668-BE54-9A1E7A4F7556}") = "sound_capture", "sound_capture\sound_capture.csproj", "{FBA62527-7197-4EEE-B96A-7E3FEC313BCE}"
EndProject
Project("{F184B08F-C81C-45F6-A57F-5ABD9991F28F}") = "visualbasic", "visualbasic\visualbasic.vbproj", "{98552080-F688-46B4-A2FF-1AC7C50ECBE8}"
EndProject
Project("{9A19103F-16F7-4668-BE54-9A1E7A4F7556}") = "window", "window\window.csproj", "{7696A8C5-CB82-4B53-8E55-BF4C7B20E8E2}"
EndProject
Project("{9A19103F-16F7-4668-BE54-9A1E7A4F7556}") = "SFML.Audio", "..\src\SFML.Audio\SFML.Audio.csproj", "{86571658-0864-45C4-A025-E0969A3E8DC6}"
EndProject
Project("{9A19103F-16F7-4668-BE54-9A1E7A4F7556}") = "SFML.Graphics", "..\src\SFML.Graphics\SFML.Graphics.csproj", "{E6052CFD-7B5E-4862-8365-968F4F6180E2}"
EndProject
Project("{9A19103F-16F7-4668-BE54-9A1E7A4F7556}") = "SFML.Net", "..\src\SFML.Net\SFML.Net.csproj", "{0DBEC92A-D512-4BB9-9306-6DBB42AC5BE1}"
EndProject
Project("{9A19103F-16F7-4668-BE54-9A1E7A4F7556}") = "SFML.System", "..\src\SFML.System\SFML.System.csproj", "{1EBDF106-7C59-4841-BC9D-0B063C83EE41}"
EndProject
Project("{9A19103F-16F7-4668-BE54-9A1E7A4F7556}") = "SFML.Window", "..\src\SFML.Window\SFML.Window.csproj", "{698CC2F9-93C8-4119-997B-B622193FA827}"
EndProject
Project("{9A19103F-16F7-4668-BE54-9A1E7A4F7556}") = "netcore", "netcore\netcore.csproj", "{93B8425A-AC40-4486-96AF-20027B738C09}"
EndProject
Project("{2150E333-8FDC-42A3-9474-1A3956D46DE8}") = "SFML", "SFML", "{620580C3-9270-42C9-A2BF-4DA85B522831}"
EndProject
Global
	GlobalSection(SolutionConfigurationPlatforms) = preSolution
		Debug|Any CPU = Debug|Any CPU
		Debug|x64 = Debug|x64
		Debug|x86 = Debug|x86
		Release|Any CPU = Release|Any CPU
		Release|x64 = Release|x64
		Release|x86 = Release|x86
	EndGlobalSection
	GlobalSection(ProjectConfigurationPlatforms) = postSolution
		{2FC1071D-4470-4704-B28E-29FF4DD432A0}.Debug|Any CPU.ActiveCfg = Debug|Any CPU
		{2FC1071D-4470-4704-B28E-29FF4DD432A0}.Debug|Any CPU.Build.0 = Debug|Any CPU
		{2FC1071D-4470-4704-B28E-29FF4DD432A0}.Debug|x64.ActiveCfg = Debug|Any CPU
		{2FC1071D-4470-4704-B28E-29FF4DD432A0}.Debug|x64.Build.0 = Debug|Any CPU
		{2FC1071D-4470-4704-B28E-29FF4DD432A0}.Debug|x86.ActiveCfg = Debug|Any CPU
		{2FC1071D-4470-4704-B28E-29FF4DD432A0}.Debug|x86.Build.0 = Debug|Any CPU
		{2FC1071D-4470-4704-B28E-29FF4DD432A0}.Release|Any CPU.ActiveCfg = Release|Any CPU
		{2FC1071D-4470-4704-B28E-29FF4DD432A0}.Release|Any CPU.Build.0 = Release|Any CPU
		{2FC1071D-4470-4704-B28E-29FF4DD432A0}.Release|x64.ActiveCfg = Release|Any CPU
		{2FC1071D-4470-4704-B28E-29FF4DD432A0}.Release|x64.Build.0 = Release|Any CPU
		{2FC1071D-4470-4704-B28E-29FF4DD432A0}.Release|x86.ActiveCfg = Release|Any CPU
		{2FC1071D-4470-4704-B28E-29FF4DD432A0}.Release|x86.Build.0 = Release|Any CPU
		{EBF44846-C2C9-4595-881F-FD3489C0828F}.Debug|Any CPU.ActiveCfg = Debug|Any CPU
		{EBF44846-C2C9-4595-881F-FD3489C0828F}.Debug|Any CPU.Build.0 = Debug|Any CPU
		{EBF44846-C2C9-4595-881F-FD3489C0828F}.Debug|x64.ActiveCfg = Debug|Any CPU
		{EBF44846-C2C9-4595-881F-FD3489C0828F}.Debug|x64.Build.0 = Debug|Any CPU
		{EBF44846-C2C9-4595-881F-FD3489C0828F}.Debug|x86.ActiveCfg = Debug|Any CPU
		{EBF44846-C2C9-4595-881F-FD3489C0828F}.Debug|x86.Build.0 = Debug|Any CPU
		{EBF44846-C2C9-4595-881F-FD3489C0828F}.Release|Any CPU.ActiveCfg = Release|Any CPU
		{EBF44846-C2C9-4595-881F-FD3489C0828F}.Release|Any CPU.Build.0 = Release|Any CPU
		{EBF44846-C2C9-4595-881F-FD3489C0828F}.Release|x64.ActiveCfg = Release|Any CPU
		{EBF44846-C2C9-4595-881F-FD3489C0828F}.Release|x64.Build.0 = Release|Any CPU
		{EBF44846-C2C9-4595-881F-FD3489C0828F}.Release|x86.ActiveCfg = Release|Any CPU
		{EBF44846-C2C9-4595-881F-FD3489C0828F}.Release|x86.Build.0 = Release|Any CPU
		{16B5B101-D5CC-449D-B6C5-E93048B01108}.Debug|Any CPU.ActiveCfg = Debug|Any CPU
		{16B5B101-D5CC-449D-B6C5-E93048B01108}.Debug|Any CPU.Build.0 = Debug|Any CPU
		{16B5B101-D5CC-449D-B6C5-E93048B01108}.Debug|x64.ActiveCfg = Debug|Any CPU
		{16B5B101-D5CC-449D-B6C5-E93048B01108}.Debug|x64.Build.0 = Debug|Any CPU
		{16B5B101-D5CC-449D-B6C5-E93048B01108}.Debug|x86.ActiveCfg = Debug|Any CPU
		{16B5B101-D5CC-449D-B6C5-E93048B01108}.Debug|x86.Build.0 = Debug|Any CPU
		{16B5B101-D5CC-449D-B6C5-E93048B01108}.Release|Any CPU.ActiveCfg = Release|Any CPU
		{16B5B101-D5CC-449D-B6C5-E93048B01108}.Release|Any CPU.Build.0 = Release|Any CPU
		{16B5B101-D5CC-449D-B6C5-E93048B01108}.Release|x64.ActiveCfg = Release|Any CPU
		{16B5B101-D5CC-449D-B6C5-E93048B01108}.Release|x64.Build.0 = Release|Any CPU
		{16B5B101-D5CC-449D-B6C5-E93048B01108}.Release|x86.ActiveCfg = Release|Any CPU
		{16B5B101-D5CC-449D-B6C5-E93048B01108}.Release|x86.Build.0 = Release|Any CPU
		{FBA62527-7197-4EEE-B96A-7E3FEC313BCE}.Debug|Any CPU.ActiveCfg = Debug|Any CPU
		{FBA62527-7197-4EEE-B96A-7E3FEC313BCE}.Debug|Any CPU.Build.0 = Debug|Any CPU
		{FBA62527-7197-4EEE-B96A-7E3FEC313BCE}.Debug|x64.ActiveCfg = Debug|Any CPU
		{FBA62527-7197-4EEE-B96A-7E3FEC313BCE}.Debug|x64.Build.0 = Debug|Any CPU
		{FBA62527-7197-4EEE-B96A-7E3FEC313BCE}.Debug|x86.ActiveCfg = Debug|Any CPU
		{FBA62527-7197-4EEE-B96A-7E3FEC313BCE}.Debug|x86.Build.0 = Debug|Any CPU
		{FBA62527-7197-4EEE-B96A-7E3FEC313BCE}.Release|Any CPU.ActiveCfg = Release|Any CPU
		{FBA62527-7197-4EEE-B96A-7E3FEC313BCE}.Release|Any CPU.Build.0 = Release|Any CPU
		{FBA62527-7197-4EEE-B96A-7E3FEC313BCE}.Release|x64.ActiveCfg = Release|Any CPU
		{FBA62527-7197-4EEE-B96A-7E3FEC313BCE}.Release|x64.Build.0 = Release|Any CPU
		{FBA62527-7197-4EEE-B96A-7E3FEC313BCE}.Release|x86.ActiveCfg = Release|Any CPU
		{FBA62527-7197-4EEE-B96A-7E3FEC313BCE}.Release|x86.Build.0 = Release|Any CPU
		{98552080-F688-46B4-A2FF-1AC7C50ECBE8}.Debug|Any CPU.ActiveCfg = Debug|Any CPU
		{98552080-F688-46B4-A2FF-1AC7C50ECBE8}.Debug|Any CPU.Build.0 = Debug|Any CPU
		{98552080-F688-46B4-A2FF-1AC7C50ECBE8}.Debug|x64.ActiveCfg = Debug|Any CPU
		{98552080-F688-46B4-A2FF-1AC7C50ECBE8}.Debug|x64.Build.0 = Debug|Any CPU
		{98552080-F688-46B4-A2FF-1AC7C50ECBE8}.Debug|x86.ActiveCfg = Debug|Any CPU
		{98552080-F688-46B4-A2FF-1AC7C50ECBE8}.Debug|x86.Build.0 = Debug|Any CPU
		{98552080-F688-46B4-A2FF-1AC7C50ECBE8}.Release|Any CPU.ActiveCfg = Debug|Any CPU
		{98552080-F688-46B4-A2FF-1AC7C50ECBE8}.Release|Any CPU.Build.0 = Debug|Any CPU
		{98552080-F688-46B4-A2FF-1AC7C50ECBE8}.Release|x64.ActiveCfg = Debug|Any CPU
		{98552080-F688-46B4-A2FF-1AC7C50ECBE8}.Release|x64.Build.0 = Debug|Any CPU
		{98552080-F688-46B4-A2FF-1AC7C50ECBE8}.Release|x86.ActiveCfg = Debug|Any CPU
		{98552080-F688-46B4-A2FF-1AC7C50ECBE8}.Release|x86.Build.0 = Debug|Any CPU
		{7696A8C5-CB82-4B53-8E55-BF4C7B20E8E2}.Debug|Any CPU.ActiveCfg = Debug|Any CPU
		{7696A8C5-CB82-4B53-8E55-BF4C7B20E8E2}.Debug|Any CPU.Build.0 = Debug|Any CPU
		{7696A8C5-CB82-4B53-8E55-BF4C7B20E8E2}.Debug|x64.ActiveCfg = Debug|Any CPU
		{7696A8C5-CB82-4B53-8E55-BF4C7B20E8E2}.Debug|x64.Build.0 = Debug|Any CPU
		{7696A8C5-CB82-4B53-8E55-BF4C7B20E8E2}.Debug|x86.ActiveCfg = Debug|Any CPU
		{7696A8C5-CB82-4B53-8E55-BF4C7B20E8E2}.Debug|x86.Build.0 = Debug|Any CPU
		{7696A8C5-CB82-4B53-8E55-BF4C7B20E8E2}.Release|Any CPU.ActiveCfg = Release|Any CPU
		{7696A8C5-CB82-4B53-8E55-BF4C7B20E8E2}.Release|Any CPU.Build.0 = Release|Any CPU
		{7696A8C5-CB82-4B53-8E55-BF4C7B20E8E2}.Release|x64.ActiveCfg = Release|Any CPU
		{7696A8C5-CB82-4B53-8E55-BF4C7B20E8E2}.Release|x64.Build.0 = Release|Any CPU
		{7696A8C5-CB82-4B53-8E55-BF4C7B20E8E2}.Release|x86.ActiveCfg = Release|Any CPU
		{7696A8C5-CB82-4B53-8E55-BF4C7B20E8E2}.Release|x86.Build.0 = Release|Any CPU
		{86571658-0864-45C4-A025-E0969A3E8DC6}.Debug|Any CPU.ActiveCfg = Debug|Any CPU
		{86571658-0864-45C4-A025-E0969A3E8DC6}.Debug|Any CPU.Build.0 = Debug|Any CPU
		{86571658-0864-45C4-A025-E0969A3E8DC6}.Debug|x64.ActiveCfg = Debug|Any CPU
		{86571658-0864-45C4-A025-E0969A3E8DC6}.Debug|x64.Build.0 = Debug|Any CPU
		{86571658-0864-45C4-A025-E0969A3E8DC6}.Debug|x86.ActiveCfg = Debug|Any CPU
		{86571658-0864-45C4-A025-E0969A3E8DC6}.Debug|x86.Build.0 = Debug|Any CPU
		{86571658-0864-45C4-A025-E0969A3E8DC6}.Release|Any CPU.ActiveCfg = Release|Any CPU
		{86571658-0864-45C4-A025-E0969A3E8DC6}.Release|Any CPU.Build.0 = Release|Any CPU
		{86571658-0864-45C4-A025-E0969A3E8DC6}.Release|x64.ActiveCfg = Release|Any CPU
		{86571658-0864-45C4-A025-E0969A3E8DC6}.Release|x64.Build.0 = Release|Any CPU
		{86571658-0864-45C4-A025-E0969A3E8DC6}.Release|x86.ActiveCfg = Release|Any CPU
		{86571658-0864-45C4-A025-E0969A3E8DC6}.Release|x86.Build.0 = Release|Any CPU
		{E6052CFD-7B5E-4862-8365-968F4F6180E2}.Debug|Any CPU.ActiveCfg = Debug|Any CPU
		{E6052CFD-7B5E-4862-8365-968F4F6180E2}.Debug|Any CPU.Build.0 = Debug|Any CPU
		{E6052CFD-7B5E-4862-8365-968F4F6180E2}.Debug|x64.ActiveCfg = Debug|Any CPU
		{E6052CFD-7B5E-4862-8365-968F4F6180E2}.Debug|x64.Build.0 = Debug|Any CPU
		{E6052CFD-7B5E-4862-8365-968F4F6180E2}.Debug|x86.ActiveCfg = Debug|Any CPU
		{E6052CFD-7B5E-4862-8365-968F4F6180E2}.Debug|x86.Build.0 = Debug|Any CPU
		{E6052CFD-7B5E-4862-8365-968F4F6180E2}.Release|Any CPU.ActiveCfg = Release|Any CPU
		{E6052CFD-7B5E-4862-8365-968F4F6180E2}.Release|Any CPU.Build.0 = Release|Any CPU
		{E6052CFD-7B5E-4862-8365-968F4F6180E2}.Release|x64.ActiveCfg = Release|Any CPU
		{E6052CFD-7B5E-4862-8365-968F4F6180E2}.Release|x64.Build.0 = Release|Any CPU
		{E6052CFD-7B5E-4862-8365-968F4F6180E2}.Release|x86.ActiveCfg = Release|Any CPU
		{E6052CFD-7B5E-4862-8365-968F4F6180E2}.Release|x86.Build.0 = Release|Any CPU
		{0DBEC92A-D512-4BB9-9306-6DBB42AC5BE1}.Debug|Any CPU.ActiveCfg = Debug|Any CPU
		{0DBEC92A-D512-4BB9-9306-6DBB42AC5BE1}.Debug|Any CPU.Build.0 = Debug|Any CPU
		{0DBEC92A-D512-4BB9-9306-6DBB42AC5BE1}.Debug|x64.ActiveCfg = Debug|Any CPU
		{0DBEC92A-D512-4BB9-9306-6DBB42AC5BE1}.Debug|x64.Build.0 = Debug|Any CPU
		{0DBEC92A-D512-4BB9-9306-6DBB42AC5BE1}.Debug|x86.ActiveCfg = Debug|Any CPU
		{0DBEC92A-D512-4BB9-9306-6DBB42AC5BE1}.Debug|x86.Build.0 = Debug|Any CPU
		{0DBEC92A-D512-4BB9-9306-6DBB42AC5BE1}.Release|Any CPU.ActiveCfg = Release|Any CPU
		{0DBEC92A-D512-4BB9-9306-6DBB42AC5BE1}.Release|Any CPU.Build.0 = Release|Any CPU
		{0DBEC92A-D512-4BB9-9306-6DBB42AC5BE1}.Release|x64.ActiveCfg = Release|Any CPU
		{0DBEC92A-D512-4BB9-9306-6DBB42AC5BE1}.Release|x64.Build.0 = Release|Any CPU
		{0DBEC92A-D512-4BB9-9306-6DBB42AC5BE1}.Release|x86.ActiveCfg = Release|Any CPU
		{0DBEC92A-D512-4BB9-9306-6DBB42AC5BE1}.Release|x86.Build.0 = Release|Any CPU
		{1EBDF106-7C59-4841-BC9D-0B063C83EE41}.Debug|Any CPU.ActiveCfg = Debug|Any CPU
		{1EBDF106-7C59-4841-BC9D-0B063C83EE41}.Debug|Any CPU.Build.0 = Debug|Any CPU
		{1EBDF106-7C59-4841-BC9D-0B063C83EE41}.Debug|x64.ActiveCfg = Debug|Any CPU
		{1EBDF106-7C59-4841-BC9D-0B063C83EE41}.Debug|x64.Build.0 = Debug|Any CPU
		{1EBDF106-7C59-4841-BC9D-0B063C83EE41}.Debug|x86.ActiveCfg = Debug|Any CPU
		{1EBDF106-7C59-4841-BC9D-0B063C83EE41}.Debug|x86.Build.0 = Debug|Any CPU
		{1EBDF106-7C59-4841-BC9D-0B063C83EE41}.Release|Any CPU.ActiveCfg = Release|Any CPU
		{1EBDF106-7C59-4841-BC9D-0B063C83EE41}.Release|Any CPU.Build.0 = Release|Any CPU
		{1EBDF106-7C59-4841-BC9D-0B063C83EE41}.Release|x64.ActiveCfg = Release|Any CPU
		{1EBDF106-7C59-4841-BC9D-0B063C83EE41}.Release|x64.Build.0 = Release|Any CPU
		{1EBDF106-7C59-4841-BC9D-0B063C83EE41}.Release|x86.ActiveCfg = Release|Any CPU
		{1EBDF106-7C59-4841-BC9D-0B063C83EE41}.Release|x86.Build.0 = Release|Any CPU
		{698CC2F9-93C8-4119-997B-B622193FA827}.Debug|Any CPU.ActiveCfg = Debug|Any CPU
		{698CC2F9-93C8-4119-997B-B622193FA827}.Debug|Any CPU.Build.0 = Debug|Any CPU
		{698CC2F9-93C8-4119-997B-B622193FA827}.Debug|x64.ActiveCfg = Debug|Any CPU
		{698CC2F9-93C8-4119-997B-B622193FA827}.Debug|x64.Build.0 = Debug|Any CPU
		{698CC2F9-93C8-4119-997B-B622193FA827}.Debug|x86.ActiveCfg = Debug|Any CPU
		{698CC2F9-93C8-4119-997B-B622193FA827}.Debug|x86.Build.0 = Debug|Any CPU
		{698CC2F9-93C8-4119-997B-B622193FA827}.Release|Any CPU.ActiveCfg = Release|Any CPU
		{698CC2F9-93C8-4119-997B-B622193FA827}.Release|Any CPU.Build.0 = Release|Any CPU
		{698CC2F9-93C8-4119-997B-B622193FA827}.Release|x64.ActiveCfg = Release|Any CPU
		{698CC2F9-93C8-4119-997B-B622193FA827}.Release|x64.Build.0 = Release|Any CPU
		{698CC2F9-93C8-4119-997B-B622193FA827}.Release|x86.ActiveCfg = Release|Any CPU
		{698CC2F9-93C8-4119-997B-B622193FA827}.Release|x86.Build.0 = Release|Any CPU
		{93B8425A-AC40-4486-96AF-20027B738C09}.Debug|Any CPU.ActiveCfg = Debug|Any CPU
		{93B8425A-AC40-4486-96AF-20027B738C09}.Debug|Any CPU.Build.0 = Debug|Any CPU
		{93B8425A-AC40-4486-96AF-20027B738C09}.Debug|x64.ActiveCfg = Debug|Any CPU
		{93B8425A-AC40-4486-96AF-20027B738C09}.Debug|x64.Build.0 = Debug|Any CPU
		{93B8425A-AC40-4486-96AF-20027B738C09}.Debug|x86.ActiveCfg = Debug|Any CPU
		{93B8425A-AC40-4486-96AF-20027B738C09}.Debug|x86.Build.0 = Debug|Any CPU
		{93B8425A-AC40-4486-96AF-20027B738C09}.Release|Any CPU.ActiveCfg = Release|Any CPU
		{93B8425A-AC40-4486-96AF-20027B738C09}.Release|Any CPU.Build.0 = Release|Any CPU
		{93B8425A-AC40-4486-96AF-20027B738C09}.Release|x64.ActiveCfg = Release|Any CPU
		{93B8425A-AC40-4486-96AF-20027B738C09}.Release|x64.Build.0 = Release|Any CPU
		{93B8425A-AC40-4486-96AF-20027B738C09}.Release|x86.ActiveCfg = Release|Any CPU
		{93B8425A-AC40-4486-96AF-20027B738C09}.Release|x86.Build.0 = Release|Any CPU
	EndGlobalSection
	GlobalSection(SolutionProperties) = preSolution
		HideSolutionNode = FALSE
	EndGlobalSection
	GlobalSection(NestedProjects) = preSolution
		{86571658-0864-45C4-A025-E0969A3E8DC6} = {620580C3-9270-42C9-A2BF-4DA85B522831}
		{E6052CFD-7B5E-4862-8365-968F4F6180E2} = {620580C3-9270-42C9-A2BF-4DA85B522831}
		{0DBEC92A-D512-4BB9-9306-6DBB42AC5BE1} = {620580C3-9270-42C9-A2BF-4DA85B522831}
		{1EBDF106-7C59-4841-BC9D-0B063C83EE41} = {620580C3-9270-42C9-A2BF-4DA85B522831}
		{698CC2F9-93C8-4119-997B-B622193FA827} = {620580C3-9270-42C9-A2BF-4DA85B522831}
	EndGlobalSection
	GlobalSection(ExtensibilityGlobals) = postSolution
		SolutionGuid = {078DBD08-3253-42AD-9BDD-DCFEC8B23719}
	EndGlobalSection
EndGlobal
